{
  "version": 4,
  "terraform_version": "1.6.2",
  "serial": 48,
  "lineage": "2d955dc0-7c20-5e9d-bd68-a010a9f7a071",
  "outputs": {},
  "resources": [
    {
      "mode": "managed",
      "type": "azurerm_network_interface",
      "name": "nic",
      "provider": "provider[\"registry.terraform.io/hashicorp/azurerm\"]",
      "instances": [
        {
          "schema_version": 0,
          "attributes": {
            "applied_dns_servers": [],
            "dns_servers": [],
            "edge_zone": "",
            "enable_accelerated_networking": false,
            "enable_ip_forwarding": false,
            "id": "/subscriptions/9b82c8f1-9d56-4e08-a646-45d7f7043c71/resourceGroups/seneca_dev/providers/Microsoft.Network/networkInterfaces/seneca_dev-nic",
            "internal_dns_name_label": "",
            "internal_domain_name_suffix": "difa2n2lpo5uxhrxc31xttkith.vx.internal.cloudapp.net",
            "ip_configuration": [
              {
                "gateway_load_balancer_frontend_ip_configuration_id": "",
                "name": "internal",
                "primary": true,
                "private_ip_address": "10.0.10.4",
                "private_ip_address_allocation": "Dynamic",
                "private_ip_address_version": "IPv4",
                "public_ip_address_id": "/subscriptions/9b82c8f1-9d56-4e08-a646-45d7f7043c71/resourceGroups/seneca_dev/providers/Microsoft.Network/publicIPAddresses/dev-PIP",
                "subnet_id": "/subscriptions/9b82c8f1-9d56-4e08-a646-45d7f7043c71/resourceGroups/seneca_dev/providers/Microsoft.Network/virtualNetworks/seneca_dev-network/subnets/vm-subnet"
              }
            ],
            "location": "canadaeast",
            "mac_address": "00-0D-3A-F4-9A-D4",
            "name": "seneca_dev-nic",
            "private_ip_address": "10.0.10.4",
            "private_ip_addresses": [
              "10.0.10.4"
            ],
            "resource_group_name": "seneca_dev",
            "tags": {},
            "timeouts": null,
            "virtual_machine_id": "/subscriptions/9b82c8f1-9d56-4e08-a646-45d7f7043c71/resourceGroups/seneca_dev/providers/Microsoft.Compute/virtualMachines/dev-vm"
          },
          "sensitive_attributes": [],
          "private": "eyJlMmJmYjczMC1lY2FhLTExZTYtOGY4OC0zNDM2M2JjN2M0YzAiOnsiY3JlYXRlIjoxODAwMDAwMDAwMDAwLCJkZWxldGUiOjE4MDAwMDAwMDAwMDAsInJlYWQiOjMwMDAwMDAwMDAwMCwidXBkYXRlIjoxODAwMDAwMDAwMDAwfX0=",
          "dependencies": [
            "azurerm_public_ip.PIP",
            "azurerm_resource_group.rg",
            "azurerm_subnet.subnet",
            "azurerm_virtual_network.vnet"
          ]
        }
      ]
    },
    {
      "mode": "managed",
      "type": "azurerm_network_interface_security_group_association",
      "name": "nsg-nic-association",
      "provider": "provider[\"registry.terraform.io/hashicorp/azurerm\"]",
      "instances": [
        {
          "schema_version": 0,
          "attributes": {
            "id": "/subscriptions/9b82c8f1-9d56-4e08-a646-45d7f7043c71/resourceGroups/seneca_dev/providers/Microsoft.Network/networkInterfaces/seneca_dev-nic|/subscriptions/9b82c8f1-9d56-4e08-a646-45d7f7043c71/resourceGroups/seneca_dev/providers/Microsoft.Network/networkSecurityGroups/dev-SecurityGroup",
            "network_interface_id": "/subscriptions/9b82c8f1-9d56-4e08-a646-45d7f7043c71/resourceGroups/seneca_dev/providers/Microsoft.Network/networkInterfaces/seneca_dev-nic",
            "network_security_group_id": "/subscriptions/9b82c8f1-9d56-4e08-a646-45d7f7043c71/resourceGroups/seneca_dev/providers/Microsoft.Network/networkSecurityGroups/dev-SecurityGroup",
            "timeouts": null
          },
          "sensitive_attributes": [],
          "private": "eyJlMmJmYjczMC1lY2FhLTExZTYtOGY4OC0zNDM2M2JjN2M0YzAiOnsiY3JlYXRlIjoxODAwMDAwMDAwMDAwLCJkZWxldGUiOjE4MDAwMDAwMDAwMDAsInJlYWQiOjMwMDAwMDAwMDAwMCwidXBkYXRlIjoxODAwMDAwMDAwMDAwfX0=",
          "dependencies": [
            "azurerm_network_interface.nic",
            "azurerm_network_security_group.nsg",
            "azurerm_public_ip.PIP",
            "azurerm_resource_group.rg",
            "azurerm_subnet.subnet",
            "azurerm_virtual_network.vnet"
          ]
        }
      ]
    },
    {
      "mode": "managed",
      "type": "azurerm_network_security_group",
      "name": "nsg",
      "provider": "provider[\"registry.terraform.io/hashicorp/azurerm\"]",
      "instances": [
        {
          "schema_version": 0,
          "attributes": {
            "id": "/subscriptions/9b82c8f1-9d56-4e08-a646-45d7f7043c71/resourceGroups/seneca_dev/providers/Microsoft.Network/networkSecurityGroups/dev-SecurityGroup",
            "location": "canadaeast",
            "name": "dev-SecurityGroup",
            "resource_group_name": "seneca_dev",
            "security_rule": [
              {
                "access": "Allow",
                "description": "",
                "destination_address_prefix": "*",
                "destination_address_prefixes": [],
                "destination_application_security_group_ids": [],
                "destination_port_range": "3389",
                "destination_port_ranges": [],
                "direction": "Inbound",
                "name": "AllowRDPtoServer",
                "priority": 100,
                "protocol": "Tcp",
                "source_address_prefix": "*",
                "source_address_prefixes": [],
                "source_application_security_group_ids": [],
                "source_port_range": "*",
                "source_port_ranges": []
              },
              {
                "access": "Allow",
                "description": "",
                "destination_address_prefix": "*",
                "destination_address_prefixes": [],
                "destination_application_security_group_ids": [],
                "destination_port_range": "80",
                "destination_port_ranges": [],
                "direction": "Inbound",
                "name": "AllowHTTPConnection",
                "priority": 200,
                "protocol": "Tcp",
                "source_address_prefix": "*",
                "source_address_prefixes": [],
                "source_application_security_group_ids": [],
                "source_port_range": "*",
                "source_port_ranges": []
              }
            ],
            "tags": {
              "environment": "Dev"
            },
            "timeouts": null
          },
          "sensitive_attributes": [],
          "private": "eyJlMmJmYjczMC1lY2FhLTExZTYtOGY4OC0zNDM2M2JjN2M0YzAiOnsiY3JlYXRlIjoxODAwMDAwMDAwMDAwLCJkZWxldGUiOjE4MDAwMDAwMDAwMDAsInJlYWQiOjMwMDAwMDAwMDAwMCwidXBkYXRlIjoxODAwMDAwMDAwMDAwfX0=",
          "dependencies": [
            "azurerm_resource_group.rg"
          ]
        }
      ]
    },
    {
      "mode": "managed",
      "type": "azurerm_public_ip",
      "name": "PIP",
      "provider": "provider[\"registry.terraform.io/hashicorp/azurerm\"]",
      "instances": [
        {
          "schema_version": 0,
          "attributes": {
            "allocation_method": "Dynamic",
            "domain_name_label": null,
            "edge_zone": "",
            "fqdn": null,
            "id": "/subscriptions/9b82c8f1-9d56-4e08-a646-45d7f7043c71/resourceGroups/seneca_dev/providers/Microsoft.Network/publicIPAddresses/dev-PIP",
            "idle_timeout_in_minutes": 4,
            "ip_address": "40.86.226.250",
            "ip_tags": {},
            "ip_version": "IPv4",
            "location": "canadaeast",
            "name": "dev-PIP",
            "public_ip_prefix_id": null,
            "resource_group_name": "seneca_dev",
            "reverse_fqdn": null,
            "sku": "Basic",
            "sku_tier": "Regional",
            "tags": {
              "environment": "Dev"
            },
            "timeouts": null,
            "zones": []
          },
          "sensitive_attributes": [],
          "private": "eyJlMmJmYjczMC1lY2FhLTExZTYtOGY4OC0zNDM2M2JjN2M0YzAiOnsiY3JlYXRlIjoxODAwMDAwMDAwMDAwLCJkZWxldGUiOjE4MDAwMDAwMDAwMDAsInJlYWQiOjMwMDAwMDAwMDAwMCwidXBkYXRlIjoxODAwMDAwMDAwMDAwfX0=",
          "dependencies": [
            "azurerm_resource_group.rg"
          ]
        }
      ]
    },
    {
      "mode": "managed",
      "type": "azurerm_resource_group",
      "name": "rg",
      "provider": "provider[\"registry.terraform.io/hashicorp/azurerm\"]",
      "instances": [
        {
          "schema_version": 0,
          "attributes": {
            "id": "/subscriptions/9b82c8f1-9d56-4e08-a646-45d7f7043c71/resourceGroups/seneca_dev",
            "location": "canadaeast",
            "name": "seneca_dev",
            "tags": {
              "environment": "dev",
              "source": "Terraform"
            },
            "timeouts": null
          },
          "sensitive_attributes": [],
          "private": "eyJlMmJmYjczMC1lY2FhLTExZTYtOGY4OC0zNDM2M2JjN2M0YzAiOnsiY3JlYXRlIjo1NDAwMDAwMDAwMDAwLCJkZWxldGUiOjU0MDAwMDAwMDAwMDAsInJlYWQiOjMwMDAwMDAwMDAwMCwidXBkYXRlIjo1NDAwMDAwMDAwMDAwfX0="
        }
      ]
    },
    {
      "mode": "managed",
      "type": "azurerm_subnet",
      "name": "subnet",
      "provider": "provider[\"registry.terraform.io/hashicorp/azurerm\"]",
      "instances": [
        {
          "schema_version": 0,
          "attributes": {
            "address_prefixes": [
              "10.0.10.0/24"
            ],
            "delegation": [],
            "enforce_private_link_endpoint_network_policies": false,
            "enforce_private_link_service_network_policies": false,
            "id": "/subscriptions/9b82c8f1-9d56-4e08-a646-45d7f7043c71/resourceGroups/seneca_dev/providers/Microsoft.Network/virtualNetworks/seneca_dev-network/subnets/vm-subnet",
            "name": "vm-subnet",
            "resource_group_name": "seneca_dev",
            "service_endpoint_policy_ids": [],
            "service_endpoints": [],
            "timeouts": null,
            "virtual_network_name": "seneca_dev-network"
          },
          "sensitive_attributes": [],
          "private": "eyJlMmJmYjczMC1lY2FhLTExZTYtOGY4OC0zNDM2M2JjN2M0YzAiOnsiY3JlYXRlIjoxODAwMDAwMDAwMDAwLCJkZWxldGUiOjE4MDAwMDAwMDAwMDAsInJlYWQiOjMwMDAwMDAwMDAwMCwidXBkYXRlIjoxODAwMDAwMDAwMDAwfX0=",
          "dependencies": [
            "azurerm_resource_group.rg",
            "azurerm_virtual_network.vnet"
          ]
        }
      ]
    },
    {
      "mode": "managed",
      "type": "azurerm_virtual_network",
      "name": "vnet",
      "provider": "provider[\"registry.terraform.io/hashicorp/azurerm\"]",
      "instances": [
        {
          "schema_version": 0,
          "attributes": {
            "address_space": [
              "10.0.0.0/16"
            ],
            "bgp_community": "",
            "ddos_protection_plan": [],
            "dns_servers": [],
            "edge_zone": "",
            "flow_timeout_in_minutes": 0,
            "guid": "370e0a1a-7b8b-4bbf-9e37-177779cd489f",
            "id": "/subscriptions/9b82c8f1-9d56-4e08-a646-45d7f7043c71/resourceGroups/seneca_dev/providers/Microsoft.Network/virtualNetworks/seneca_dev-network",
            "location": "canadaeast",
            "name": "seneca_dev-network",
            "resource_group_name": "seneca_dev",
            "subnet": [
              {
                "address_prefix": "10.0.10.0/24",
                "id": "/subscriptions/9b82c8f1-9d56-4e08-a646-45d7f7043c71/resourceGroups/seneca_dev/providers/Microsoft.Network/virtualNetworks/seneca_dev-network/subnets/vm-subnet",
                "name": "vm-subnet",
                "security_group": ""
              }
            ],
            "tags": {},
            "timeouts": null
          },
          "sensitive_attributes": [],
          "private": "eyJlMmJmYjczMC1lY2FhLTExZTYtOGY4OC0zNDM2M2JjN2M0YzAiOnsiY3JlYXRlIjoxODAwMDAwMDAwMDAwLCJkZWxldGUiOjE4MDAwMDAwMDAwMDAsInJlYWQiOjMwMDAwMDAwMDAwMCwidXBkYXRlIjoxODAwMDAwMDAwMDAwfX0=",
          "dependencies": [
            "azurerm_resource_group.rg"
          ]
        }
      ]
    }
  ],
  "check_results": null
}
